
Microsoft Visual Studio Solution File, Format Version 12.00
# Visual Studio Version 16
VisualStudioVersion = 16.0.32126.315
MinimumVisualStudioVersion = 10.0.40219.1
Project("{FAE04EC0-301F-11D3-BF4B-00C04F79EFBC}") = "Assignment", "Assignment.csproj", "{934F32AE-3AA6-4BE8-A54A-A6DDD33D218A}"
EndProject
Global
	GlobalSection(SolutionConfigurationPlatforms) = preSolution
		Debug|Any CPU = Debug|Any CPU
		Release|Any CPU = Release|Any CPU
	EndGlobalSection
	GlobalSection(ProjectConfigurationPlatforms) = postSolution
		{934F32AE-3AA6-4BE8-A54A-A6DDD33D218A}.Debug|Any CPU.ActiveCfg = Debug|Any CPU
		{934F32AE-3AA6-4BE8-A54A-A6DDD33D218A}.Debug|Any CPU.Build.0 = Debug|Any CPU
		{934F32AE-3AA6-4BE8-A54A-A6DDD33D218A}.Release|Any CPU.ActiveCfg = Release|Any CPU
		{934F32AE-3AA6-4BE8-A54A-A6DDD33D218A}.Release|Any CPU.Build.0 = Release|Any CPU
	EndGlobalSection
	GlobalSection(SolutionProperties) = preSolution
		HideSolutionNode = FALSE
	EndGlobalSection
	GlobalSection(ExtensibilityGlobals) = postSolution
		SolutionGuid = {A3A7B070-26B4-4251-9BC2-99D012D01DB4}
	EndGlobalSection
EndGlobal
